
Microsoft Visual Studio Solution File, Format Version 12.00
# Visual Studio Version 17
VisualStudioVersion = 17.4.33103.184
MinimumVisualStudioVersion = 10.0.40219.1
Project("{9A19103F-16F7-4668-BE54-9A1E7A4F7556}") = "PZ_3_RazinAndrey_2PK2", "PZ_3_RazinAndrey_2PK2\PZ_3_RazinAndrey_2PK2.csproj", "{08A0CB09-DDC7-497F-8764-DA29172191E9}"
EndProject
Project("{FAE04EC0-301F-11D3-BF4B-00C04F79EFBC}") = "PZ_4_RazinAndrey_2PK2", "PZ_4_RazinAndrey_2PK2\PZ_4_RazinAndrey_2PK2.csproj", "{CA614866-F42C-4C5E-A574-0C89BE374DA3}"
EndProject
Project("{FAE04EC0-301F-11D3-BF4B-00C04F79EFBC}") = "PZ_5_RazinAndrey_2PK2", "PZ_5_RazinAndrey_2PK2\PZ_5_RazinAndrey_2PK2.csproj", "{B46CA287-4139-4CF6-B2AC-3A268BB06F84}"
EndProject
Project("{FAE04EC0-301F-11D3-BF4B-00C04F79EFBC}") = "PZ_6_RazinAndrey_2PK2", "PZ_6_RazinAndrey_2PK2\PZ_6_RazinAndrey_2PK2.csproj", "{09A74A90-0D74-4562-B1DE-DCA3CECBFCF3}"
EndProject
Project("{FAE04EC0-301F-11D3-BF4B-00C04F79EFBC}") = "PZ_7_RazinAndrey_2PK2", "PZ_7_RazinAndrey_2PK2\PZ_7_RazinAndrey_2PK2.csproj", "{8B0D5454-A2DF-404C-A7A6-05990EED8EA4}"
EndProject
Project("{FAE04EC0-301F-11D3-BF4B-00C04F79EFBC}") = "PZ_8_RazinAndrey_2PK2", "PZ_8_RazinAndrey_2PK2\PZ_8_RazinAndrey_2PK2.csproj", "{34235CEF-A5E0-4B2F-8FF3-12D14029D508}"
EndProject
Project("{FAE04EC0-301F-11D3-BF4B-00C04F79EFBC}") = "PZ_9_RazinAndrey_2PK2", "PZ_9_RazinAndrey_2PK2\PZ_9_RazinAndrey_2PK2.csproj", "{34F53502-671F-4B3C-A3E0-0D850A700B57}"
EndProject
Project("{FAE04EC0-301F-11D3-BF4B-00C04F79EFBC}") = "PZ_10_RazinAndrey_2PK2", "PZ_10_RazinAndrey_2PK2\PZ_10_RazinAndrey_2PK2.csproj", "{8BF8A81B-6A39-4D1A-B120-5E2E27936EEB}"
EndProject
Project("{FAE04EC0-301F-11D3-BF4B-00C04F79EFBC}") = "PZ_12_RazinAndrey_2PK2", "PZ_12_RazinAndrey_2PK2\PZ_12_RazinAndrey_2PK2.csproj", "{56B22B1F-6533-48FE-A99B-688E140C2425}"
EndProject
Project("{FAE04EC0-301F-11D3-BF4B-00C04F79EFBC}") = "PZ_13_RazinAndrey_2PK2", "PZ_13_RazinAndrey_2PK2\PZ_13_RazinAndrey_2PK2.csproj", "{88E76F89-C680-4982-B351-E633A1CE6D81}"
EndProject
Project("{FAE04EC0-301F-11D3-BF4B-00C04F79EFBC}") = "PZ_14_RazinAndrey_2PK2", "PZ_14_RazinAndrey_2PK2\PZ_14_RazinAndrey_2PK2.csproj", "{DA5C19A1-31BB-488C-8A2C-78E89C59E56D}"
EndProject
Project("{FAE04EC0-301F-11D3-BF4B-00C04F79EFBC}") = "PZ_15_RazinAndrey_2PK2", "PZ_15_RazinAndrey_2PK2\PZ_15_RazinAndrey_2PK2.csproj", "{F6CE5790-8243-4791-9BB7-FD2512DF360C}"
EndProject
Project("{FAE04EC0-301F-11D3-BF4B-00C04F79EFBC}") = "PZ_16_RazinAndrey_2PK2", "PZ_16_RazinAndrey_2PK2\PZ_16_RazinAndrey_2PK2.csproj", "{FD51E493-8945-4498-97E4-CC17818B7FE7}"
EndProject
Global
	GlobalSection(SolutionConfigurationPlatforms) = preSolution
		Debug|Any CPU = Debug|Any CPU
		Release|Any CPU = Release|Any CPU
	EndGlobalSection
	GlobalSection(ProjectConfigurationPlatforms) = postSolution
		{08A0CB09-DDC7-497F-8764-DA29172191E9}.Debug|Any CPU.ActiveCfg = Debug|Any CPU
		{08A0CB09-DDC7-497F-8764-DA29172191E9}.Debug|Any CPU.Build.0 = Debug|Any CPU
		{08A0CB09-DDC7-497F-8764-DA29172191E9}.Release|Any CPU.ActiveCfg = Release|Any CPU
		{08A0CB09-DDC7-497F-8764-DA29172191E9}.Release|Any CPU.Build.0 = Release|Any CPU
		{CA614866-F42C-4C5E-A574-0C89BE374DA3}.Debug|Any CPU.ActiveCfg = Debug|Any CPU
		{CA614866-F42C-4C5E-A574-0C89BE374DA3}.Debug|Any CPU.Build.0 = Debug|Any CPU
		{CA614866-F42C-4C5E-A574-0C89BE374DA3}.Release|Any CPU.ActiveCfg = Release|Any CPU
		{CA614866-F42C-4C5E-A574-0C89BE374DA3}.Release|Any CPU.Build.0 = Release|Any CPU
		{B46CA287-4139-4CF6-B2AC-3A268BB06F84}.Debug|Any CPU.ActiveCfg = Debug|Any CPU
		{B46CA287-4139-4CF6-B2AC-3A268BB06F84}.Debug|Any CPU.Build.0 = Debug|Any CPU
		{B46CA287-4139-4CF6-B2AC-3A268BB06F84}.Release|Any CPU.ActiveCfg = Release|Any CPU
		{B46CA287-4139-4CF6-B2AC-3A268BB06F84}.Release|Any CPU.Build.0 = Release|Any CPU
		{09A74A90-0D74-4562-B1DE-DCA3CECBFCF3}.Debug|Any CPU.ActiveCfg = Debug|Any CPU
		{09A74A90-0D74-4562-B1DE-DCA3CECBFCF3}.Debug|Any CPU.Build.0 = Debug|Any CPU
		{09A74A90-0D74-4562-B1DE-DCA3CECBFCF3}.Release|Any CPU.ActiveCfg = Release|Any CPU
		{09A74A90-0D74-4562-B1DE-DCA3CECBFCF3}.Release|Any CPU.Build.0 = Release|Any CPU
		{8B0D5454-A2DF-404C-A7A6-05990EED8EA4}.Debug|Any CPU.ActiveCfg = Debug|Any CPU
		{8B0D5454-A2DF-404C-A7A6-05990EED8EA4}.Debug|Any CPU.Build.0 = Debug|Any CPU
		{8B0D5454-A2DF-404C-A7A6-05990EED8EA4}.Release|Any CPU.ActiveCfg = Release|Any CPU
		{8B0D5454-A2DF-404C-A7A6-05990EED8EA4}.Release|Any CPU.Build.0 = Release|Any CPU
		{34235CEF-A5E0-4B2F-8FF3-12D14029D508}.Debug|Any CPU.ActiveCfg = Debug|Any CPU
		{34235CEF-A5E0-4B2F-8FF3-12D14029D508}.Debug|Any CPU.Build.0 = Debug|Any CPU
		{34235CEF-A5E0-4B2F-8FF3-12D14029D508}.Release|Any CPU.ActiveCfg = Release|Any CPU
		{34235CEF-A5E0-4B2F-8FF3-12D14029D508}.Release|Any CPU.Build.0 = Release|Any CPU
		{34F53502-671F-4B3C-A3E0-0D850A700B57}.Debug|Any CPU.ActiveCfg = Debug|Any CPU
		{34F53502-671F-4B3C-A3E0-0D850A700B57}.Debug|Any CPU.Build.0 = Debug|Any CPU
		{34F53502-671F-4B3C-A3E0-0D850A700B57}.Release|Any CPU.ActiveCfg = Release|Any CPU
		{34F53502-671F-4B3C-A3E0-0D850A700B57}.Release|Any CPU.Build.0 = Release|Any CPU
		{8BF8A81B-6A39-4D1A-B120-5E2E27936EEB}.Debug|Any CPU.ActiveCfg = Debug|Any CPU
		{8BF8A81B-6A39-4D1A-B120-5E2E27936EEB}.Debug|Any CPU.Build.0 = Debug|Any CPU
		{8BF8A81B-6A39-4D1A-B120-5E2E27936EEB}.Release|Any CPU.ActiveCfg = Release|Any CPU
		{8BF8A81B-6A39-4D1A-B120-5E2E27936EEB}.Release|Any CPU.Build.0 = Release|Any CPU
		{56B22B1F-6533-48FE-A99B-688E140C2425}.Debug|Any CPU.ActiveCfg = Debug|Any CPU
		{56B22B1F-6533-48FE-A99B-688E140C2425}.Debug|Any CPU.Build.0 = Debug|Any CPU
		{56B22B1F-6533-48FE-A99B-688E140C2425}.Release|Any CPU.ActiveCfg = Release|Any CPU
		{56B22B1F-6533-48FE-A99B-688E140C2425}.Release|Any CPU.Build.0 = Release|Any CPU
		{88E76F89-C680-4982-B351-E633A1CE6D81}.Debug|Any CPU.ActiveCfg = Debug|Any CPU
		{88E76F89-C680-4982-B351-E633A1CE6D81}.Debug|Any CPU.Build.0 = Debug|Any CPU
		{88E76F89-C680-4982-B351-E633A1CE6D81}.Release|Any CPU.ActiveCfg = Release|Any CPU
		{88E76F89-C680-4982-B351-E633A1CE6D81}.Release|Any CPU.Build.0 = Release|Any CPU
		{DA5C19A1-31BB-488C-8A2C-78E89C59E56D}.Debug|Any CPU.ActiveCfg = Debug|Any CPU
		{DA5C19A1-31BB-488C-8A2C-78E89C59E56D}.Debug|Any CPU.Build.0 = Debug|Any CPU
		{DA5C19A1-31BB-488C-8A2C-78E89C59E56D}.Release|Any CPU.ActiveCfg = Release|Any CPU
		{DA5C19A1-31BB-488C-8A2C-78E89C59E56D}.Release|Any CPU.Build.0 = Release|Any CPU
		{F6CE5790-8243-4791-9BB7-FD2512DF360C}.Debug|Any CPU.ActiveCfg = Debug|Any CPU
		{F6CE5790-8243-4791-9BB7-FD2512DF360C}.Debug|Any CPU.Build.0 = Debug|Any CPU
		{F6CE5790-8243-4791-9BB7-FD2512DF360C}.Release|Any CPU.ActiveCfg = Release|Any CPU
		{F6CE5790-8243-4791-9BB7-FD2512DF360C}.Release|Any CPU.Build.0 = Release|Any CPU
		{FD51E493-8945-4498-97E4-CC17818B7FE7}.Debug|Any CPU.ActiveCfg = Debug|Any CPU
		{FD51E493-8945-4498-97E4-CC17818B7FE7}.Debug|Any CPU.Build.0 = Debug|Any CPU
		{FD51E493-8945-4498-97E4-CC17818B7FE7}.Release|Any CPU.ActiveCfg = Release|Any CPU
		{FD51E493-8945-4498-97E4-CC17818B7FE7}.Release|Any CPU.Build.0 = Release|Any CPU
	EndGlobalSection
	GlobalSection(SolutionProperties) = preSolution
		HideSolutionNode = FALSE
	EndGlobalSection
	GlobalSection(ExtensibilityGlobals) = postSolution
		SolutionGuid = {BB76EEC6-7D43-435A-A234-7D135F7A0DE4}
	EndGlobalSection
EndGlobal
