
Microsoft Visual Studio Solution File, Format Version 12.00
# Visual Studio Version 17
VisualStudioVersion = 17.4.33103.184
MinimumVisualStudioVersion = 10.0.40219.1
Project("{FAE04EC0-301F-11D3-BF4B-00C04F79EFBC}") = "RazinAndrey_2PK2", "RazinAndrey_2PK2\RazinAndrey_2PK2.csproj", "{2F68CC94-5676-43F2-9A23-8DE9FE172A4B}"
EndProject
Project("{9A19103F-16F7-4668-BE54-9A1E7A4F7556}") = "PZ_3_RazinAndrey_2PK2", "PZ_3_RazinAndrey_2PK2\PZ_3_RazinAndrey_2PK2.csproj", "{08A0CB09-DDC7-497F-8764-DA29172191E9}"
EndProject
Project("{FAE04EC0-301F-11D3-BF4B-00C04F79EFBC}") = "PZ_4_RazinAndrey_2PK2", "PZ_4_RazinAndrey_2PK2\PZ_4_RazinAndrey_2PK2.csproj", "{CA614866-F42C-4C5E-A574-0C89BE374DA3}"
EndProject
Project("{FAE04EC0-301F-11D3-BF4B-00C04F79EFBC}") = "PZ_5_RazinAndrey_2PK2", "PZ_5_RazinAndrey_2PK2\PZ_5_RazinAndrey_2PK2.csproj", "{B46CA287-4139-4CF6-B2AC-3A268BB06F84}"
EndProject
Project("{FAE04EC0-301F-11D3-BF4B-00C04F79EFBC}") = "PZ_6_RazinAndrey_2PK2", "PZ_6_RazinAndrey_2PK2\PZ_6_RazinAndrey_2PK2.csproj", "{09A74A90-0D74-4562-B1DE-DCA3CECBFCF3}"
EndProject
Project("{FAE04EC0-301F-11D3-BF4B-00C04F79EFBC}") = "PZ_7_RazinAndrey_2PK2", "PZ_7_RazinAndrey_2PK2\PZ_7_RazinAndrey_2PK2.csproj", "{8B0D5454-A2DF-404C-A7A6-05990EED8EA4}"
EndProject
Global
	GlobalSection(SolutionConfigurationPlatforms) = preSolution
		Debug|Any CPU = Debug|Any CPU
		Release|Any CPU = Release|Any CPU
	EndGlobalSection
	GlobalSection(ProjectConfigurationPlatforms) = postSolution
		{2F68CC94-5676-43F2-9A23-8DE9FE172A4B}.Debug|Any CPU.ActiveCfg = Debug|Any CPU
		{2F68CC94-5676-43F2-9A23-8DE9FE172A4B}.Debug|Any CPU.Build.0 = Debug|Any CPU
		{2F68CC94-5676-43F2-9A23-8DE9FE172A4B}.Release|Any CPU.ActiveCfg = Release|Any CPU
		{2F68CC94-5676-43F2-9A23-8DE9FE172A4B}.Release|Any CPU.Build.0 = Release|Any CPU
		{08A0CB09-DDC7-497F-8764-DA29172191E9}.Debug|Any CPU.ActiveCfg = Debug|Any CPU
		{08A0CB09-DDC7-497F-8764-DA29172191E9}.Debug|Any CPU.Build.0 = Debug|Any CPU
		{08A0CB09-DDC7-497F-8764-DA29172191E9}.Release|Any CPU.ActiveCfg = Release|Any CPU
		{08A0CB09-DDC7-497F-8764-DA29172191E9}.Release|Any CPU.Build.0 = Release|Any CPU
		{CA614866-F42C-4C5E-A574-0C89BE374DA3}.Debug|Any CPU.ActiveCfg = Debug|Any CPU
		{CA614866-F42C-4C5E-A574-0C89BE374DA3}.Debug|Any CPU.Build.0 = Debug|Any CPU
		{CA614866-F42C-4C5E-A574-0C89BE374DA3}.Release|Any CPU.ActiveCfg = Release|Any CPU
		{CA614866-F42C-4C5E-A574-0C89BE374DA3}.Release|Any CPU.Build.0 = Release|Any CPU
		{B46CA287-4139-4CF6-B2AC-3A268BB06F84}.Debug|Any CPU.ActiveCfg = Debug|Any CPU
		{B46CA287-4139-4CF6-B2AC-3A268BB06F84}.Debug|Any CPU.Build.0 = Debug|Any CPU
		{B46CA287-4139-4CF6-B2AC-3A268BB06F84}.Release|Any CPU.ActiveCfg = Release|Any CPU
		{B46CA287-4139-4CF6-B2AC-3A268BB06F84}.Release|Any CPU.Build.0 = Release|Any CPU
		{09A74A90-0D74-4562-B1DE-DCA3CECBFCF3}.Debug|Any CPU.ActiveCfg = Debug|Any CPU
		{09A74A90-0D74-4562-B1DE-DCA3CECBFCF3}.Debug|Any CPU.Build.0 = Debug|Any CPU
		{09A74A90-0D74-4562-B1DE-DCA3CECBFCF3}.Release|Any CPU.ActiveCfg = Release|Any CPU
		{09A74A90-0D74-4562-B1DE-DCA3CECBFCF3}.Release|Any CPU.Build.0 = Release|Any CPU
		{8B0D5454-A2DF-404C-A7A6-05990EED8EA4}.Debug|Any CPU.ActiveCfg = Debug|Any CPU
		{8B0D5454-A2DF-404C-A7A6-05990EED8EA4}.Debug|Any CPU.Build.0 = Debug|Any CPU
		{8B0D5454-A2DF-404C-A7A6-05990EED8EA4}.Release|Any CPU.ActiveCfg = Release|Any CPU
		{8B0D5454-A2DF-404C-A7A6-05990EED8EA4}.Release|Any CPU.Build.0 = Release|Any CPU
	EndGlobalSection
	GlobalSection(SolutionProperties) = preSolution
		HideSolutionNode = FALSE
	EndGlobalSection
	GlobalSection(ExtensibilityGlobals) = postSolution
		SolutionGuid = {BB76EEC6-7D43-435A-A234-7D135F7A0DE4}
	EndGlobalSection
EndGlobal
