
Microsoft Visual Studio Solution File, Format Version 12.00
# Visual Studio Version 17
VisualStudioVersion = 17.5.33502.453
MinimumVisualStudioVersion = 10.0.40219.1
Project("{FAE04EC0-301F-11D3-BF4B-00C04F79EFBC}") = "PZ_25", "PZ_25\PZ_25.csproj", "{E457CD2D-D779-4361-B524-08FA59ABABE2}"
EndProject
Global
	GlobalSection(SolutionConfigurationPlatforms) = preSolution
		Debug|Any CPU = Debug|Any CPU
		Release|Any CPU = Release|Any CPU
	EndGlobalSection
	GlobalSection(ProjectConfigurationPlatforms) = postSolution
		{E457CD2D-D779-4361-B524-08FA59ABABE2}.Debug|Any CPU.ActiveCfg = Debug|Any CPU
		{E457CD2D-D779-4361-B524-08FA59ABABE2}.Debug|Any CPU.Build.0 = Debug|Any CPU
		{E457CD2D-D779-4361-B524-08FA59ABABE2}.Release|Any CPU.ActiveCfg = Release|Any CPU
		{E457CD2D-D779-4361-B524-08FA59ABABE2}.Release|Any CPU.Build.0 = Release|Any CPU
	EndGlobalSection
	GlobalSection(SolutionProperties) = preSolution
		HideSolutionNode = FALSE
	EndGlobalSection
	GlobalSection(ExtensibilityGlobals) = postSolution
		SolutionGuid = {02426AA0-5421-455A-9217-E62B1C87B58A}
	EndGlobalSection
EndGlobal
